
Microsoft Visual Studio Solution File, Format Version 12.00
# Visual Studio Version 17
VisualStudioVersion = 17.5.002.0
MinimumVisualStudioVersion = 10.0.40219.1
Project("{9A19103F-16F7-4668-BE54-9A1E7A4F7556}") = "aspnetapp", "4.aspnetapp\aspnetapp.csproj", "{8764F2A4-A990-4BF3-8986-5C79998A5424}"
EndProject
Global
	GlobalSection(SolutionConfigurationPlatforms) = preSolution
		Debug|Any CPU = Debug|Any CPU
		Release|Any CPU = Release|Any CPU
	EndGlobalSection
	GlobalSection(ProjectConfigurationPlatforms) = postSolution
		{8764F2A4-A990-4BF3-8986-5C79998A5424}.Debug|Any CPU.ActiveCfg = Debug|Any CPU
		{8764F2A4-A990-4BF3-8986-5C79998A5424}.Debug|Any CPU.Build.0 = Debug|Any CPU
		{8764F2A4-A990-4BF3-8986-5C79998A5424}.Release|Any CPU.ActiveCfg = Release|Any CPU
		{8764F2A4-A990-4BF3-8986-5C79998A5424}.Release|Any CPU.Build.0 = Release|Any CPU
	EndGlobalSection
	GlobalSection(SolutionProperties) = preSolution
		HideSolutionNode = FALSE
	EndGlobalSection
	GlobalSection(ExtensibilityGlobals) = postSolution
		SolutionGuid = {19406090-EBC6-401A-A9B8-452B2D8A9C5E}
	EndGlobalSection
EndGlobal
